
Microsoft Visual Studio Solution File, Format Version 12.00
# Visual Studio 2012
Project("{FAE04EC0-301F-11D3-BF4B-00C04F79EFBC}") = "SECSTrxControl", "SECSTrxControl\SECSTrxControl.csproj", "{918D6411-D3D2-4FD2-ADBC-1735ECC70E14}"
EndProject
Project("{2150E333-8FDC-42A3-9474-1A3956D46DE8}") = "Solution Items", "Solution Items", "{5B6AF98B-9C2A-4362-A2FB-A1EA0EBC0852}"
	ProjectSection(SolutionItems) = preProject
		sonar-project.properties = sonar-project.properties
	EndProjectSection
EndProject
Global
	GlobalSection(TeamFoundationVersionControl) = preSolution
		SccNumberOfProjects = 2
		SccEnterpriseProvider = {4CA58AB2-18FA-4F8D-95D4-32DDF27D184C}
		SccTeamFoundationServer = http://swdev:8080/tfs/defaultcollection
		SccLocalPath0 = .
		SccProjectUniqueName1 = SECSTrxControl\\SECSTrxControl.csproj
		SccProjectName1 = SECSTrxControl
		SccLocalPath1 = SECSTrxControl
	EndGlobalSection
	GlobalSection(SolutionConfigurationPlatforms) = preSolution
		Debug|Any CPU = Debug|Any CPU
		Release|Any CPU = Release|Any CPU
	EndGlobalSection
	GlobalSection(ProjectConfigurationPlatforms) = postSolution
		{918D6411-D3D2-4FD2-ADBC-1735ECC70E14}.Debug|Any CPU.ActiveCfg = Debug|Any CPU
		{918D6411-D3D2-4FD2-ADBC-1735ECC70E14}.Debug|Any CPU.Build.0 = Debug|Any CPU
		{918D6411-D3D2-4FD2-ADBC-1735ECC70E14}.Release|Any CPU.ActiveCfg = Release|Any CPU
		{918D6411-D3D2-4FD2-ADBC-1735ECC70E14}.Release|Any CPU.Build.0 = Release|Any CPU
	EndGlobalSection
	GlobalSection(SolutionProperties) = preSolution
		HideSolutionNode = FALSE
	EndGlobalSection
EndGlobal
